
Microsoft Visual Studio Solution File, Format Version 12.00
# Visual Studio 15
VisualStudioVersion = 15.0.28307.572
MinimumVisualStudioVersion = 10.0.40219.1
Project("{FAE04EC0-301F-11D3-BF4B-00C04F79EFBC}") = "ConSecondApp", "ConSecondApp\ConSecondApp.csproj", "{DFEA29C6-9298-424A-A1E3-3876F4E4F593}"
EndProject
Global
	GlobalSection(SolutionConfigurationPlatforms) = preSolution
		Debug|Any CPU = Debug|Any CPU
		Release|Any CPU = Release|Any CPU
	EndGlobalSection
	GlobalSection(ProjectConfigurationPlatforms) = postSolution
		{DFEA29C6-9298-424A-A1E3-3876F4E4F593}.Debug|Any CPU.ActiveCfg = Debug|Any CPU
		{DFEA29C6-9298-424A-A1E3-3876F4E4F593}.Debug|Any CPU.Build.0 = Debug|Any CPU
		{DFEA29C6-9298-424A-A1E3-3876F4E4F593}.Release|Any CPU.ActiveCfg = Release|Any CPU
		{DFEA29C6-9298-424A-A1E3-3876F4E4F593}.Release|Any CPU.Build.0 = Release|Any CPU
	EndGlobalSection
	GlobalSection(SolutionProperties) = preSolution
		HideSolutionNode = FALSE
	EndGlobalSection
	GlobalSection(ExtensibilityGlobals) = postSolution
		SolutionGuid = {40D58145-3FD2-49FE-8613-CCDC6E0EC8DB}
	EndGlobalSection
EndGlobal
